
Microsoft Visual Studio Solution File, Format Version 12.00
# Visual Studio Version 16
VisualStudioVersion = 16.0.36128.20
MinimumVisualStudioVersion = 10.0.40219.1
Project("{FAE04EC0-301F-11D3-BF4B-00C04F79EFBC}") = "GeneralPrograms", "GeneralPrograms\GeneralPrograms.csproj", "{0979D22D-C942-48EB-95DF-813F5048E65E}"
EndProject
Global
	GlobalSection(SolutionConfigurationPlatforms) = preSolution
		Debug|Any CPU = Debug|Any CPU
		Release|Any CPU = Release|Any CPU
	EndGlobalSection
	GlobalSection(ProjectConfigurationPlatforms) = postSolution
		{0979D22D-C942-48EB-95DF-813F5048E65E}.Debug|Any CPU.ActiveCfg = Debug|Any CPU
		{0979D22D-C942-48EB-95DF-813F5048E65E}.Debug|Any CPU.Build.0 = Debug|Any CPU
		{0979D22D-C942-48EB-95DF-813F5048E65E}.Release|Any CPU.ActiveCfg = Release|Any CPU
		{0979D22D-C942-48EB-95DF-813F5048E65E}.Release|Any CPU.Build.0 = Release|Any CPU
	EndGlobalSection
	GlobalSection(SolutionProperties) = preSolution
		HideSolutionNode = FALSE
	EndGlobalSection
	GlobalSection(ExtensibilityGlobals) = postSolution
		SolutionGuid = {944C36BD-29FE-46DA-B373-DAE74C2298B1}
	EndGlobalSection
EndGlobal
