
Microsoft Visual Studio Solution File, Format Version 12.00
# Visual Studio Version 16
VisualStudioVersion = 16.0.36128.20
MinimumVisualStudioVersion = 10.0.40219.1
Project("{FAE04EC0-301F-11D3-BF4B-00C04F79EFBC}") = "Assignment-5", "Assignment-5\Assignment-5.csproj", "{2B7AB86C-9895-4C36-86C4-FB04F6D62D80}"
EndProject
Global
	GlobalSection(SolutionConfigurationPlatforms) = preSolution
		Debug|Any CPU = Debug|Any CPU
		Release|Any CPU = Release|Any CPU
	EndGlobalSection
	GlobalSection(ProjectConfigurationPlatforms) = postSolution
		{2B7AB86C-9895-4C36-86C4-FB04F6D62D80}.Debug|Any CPU.ActiveCfg = Debug|Any CPU
		{2B7AB86C-9895-4C36-86C4-FB04F6D62D80}.Debug|Any CPU.Build.0 = Debug|Any CPU
		{2B7AB86C-9895-4C36-86C4-FB04F6D62D80}.Release|Any CPU.ActiveCfg = Release|Any CPU
		{2B7AB86C-9895-4C36-86C4-FB04F6D62D80}.Release|Any CPU.Build.0 = Release|Any CPU
	EndGlobalSection
	GlobalSection(SolutionProperties) = preSolution
		HideSolutionNode = FALSE
	EndGlobalSection
	GlobalSection(ExtensibilityGlobals) = postSolution
		SolutionGuid = {4C0664AD-A194-4AD8-B824-887137DA31B3}
	EndGlobalSection
EndGlobal
