
Microsoft Visual Studio Solution File, Format Version 12.00
# Visual Studio Version 16
VisualStudioVersion = 16.0.36128.20
MinimumVisualStudioVersion = 10.0.40219.1
Project("{FAE04EC0-301F-11D3-BF4B-00C04F79EFBC}") = "Custom_Validations_Prj", "Custom_Validations_Prj\Custom_Validations_Prj.csproj", "{5573ECBD-1412-4188-8061-964B262F43D7}"
EndProject
Global
	GlobalSection(SolutionConfigurationPlatforms) = preSolution
		Debug|Any CPU = Debug|Any CPU
		Release|Any CPU = Release|Any CPU
	EndGlobalSection
	GlobalSection(ProjectConfigurationPlatforms) = postSolution
		{5573ECBD-1412-4188-8061-964B262F43D7}.Debug|Any CPU.ActiveCfg = Debug|Any CPU
		{5573ECBD-1412-4188-8061-964B262F43D7}.Debug|Any CPU.Build.0 = Debug|Any CPU
		{5573ECBD-1412-4188-8061-964B262F43D7}.Release|Any CPU.ActiveCfg = Release|Any CPU
		{5573ECBD-1412-4188-8061-964B262F43D7}.Release|Any CPU.Build.0 = Release|Any CPU
	EndGlobalSection
	GlobalSection(SolutionProperties) = preSolution
		HideSolutionNode = FALSE
	EndGlobalSection
	GlobalSection(ExtensibilityGlobals) = postSolution
		SolutionGuid = {4D54F88C-E877-46BA-B00B-366BF5AB8622}
	EndGlobalSection
EndGlobal
