
Microsoft Visual Studio Solution File, Format Version 12.00
# Visual Studio Version 16
VisualStudioVersion = 16.0.36128.20
MinimumVisualStudioVersion = 10.0.40219.1
Project("{FAE04EC0-301F-11D3-BF4B-00C04F79EFBC}") = "Assignment-1", "Assignment-1\Assignment-1.csproj", "{301481EF-8D35-461B-8D8A-AA4B483FBE15}"
EndProject
Global
	GlobalSection(SolutionConfigurationPlatforms) = preSolution
		Debug|Any CPU = Debug|Any CPU
		Release|Any CPU = Release|Any CPU
	EndGlobalSection
	GlobalSection(ProjectConfigurationPlatforms) = postSolution
		{301481EF-8D35-461B-8D8A-AA4B483FBE15}.Debug|Any CPU.ActiveCfg = Debug|Any CPU
		{301481EF-8D35-461B-8D8A-AA4B483FBE15}.Debug|Any CPU.Build.0 = Debug|Any CPU
		{301481EF-8D35-461B-8D8A-AA4B483FBE15}.Release|Any CPU.ActiveCfg = Release|Any CPU
		{301481EF-8D35-461B-8D8A-AA4B483FBE15}.Release|Any CPU.Build.0 = Release|Any CPU
	EndGlobalSection
	GlobalSection(SolutionProperties) = preSolution
		HideSolutionNode = FALSE
	EndGlobalSection
	GlobalSection(ExtensibilityGlobals) = postSolution
		SolutionGuid = {B3F801B1-4C90-4811-AA91-B2951158E2CB}
	EndGlobalSection
EndGlobal
