
Microsoft Visual Studio Solution File, Format Version 12.00
# Visual Studio Version 16
VisualStudioVersion = 16.0.36128.20
MinimumVisualStudioVersion = 10.0.40219.1
Project("{FAE04EC0-301F-11D3-BF4B-00C04F79EFBC}") = "JS_Form_Validation_Assignment", "JS_Form_Validation_Assignment\JS_Form_Validation_Assignment.csproj", "{E2B15567-3745-42CB-9C87-7B7BF834AB00}"
EndProject
Global
	GlobalSection(SolutionConfigurationPlatforms) = preSolution
		Debug|Any CPU = Debug|Any CPU
		Release|Any CPU = Release|Any CPU
	EndGlobalSection
	GlobalSection(ProjectConfigurationPlatforms) = postSolution
		{E2B15567-3745-42CB-9C87-7B7BF834AB00}.Debug|Any CPU.ActiveCfg = Debug|Any CPU
		{E2B15567-3745-42CB-9C87-7B7BF834AB00}.Debug|Any CPU.Build.0 = Debug|Any CPU
		{E2B15567-3745-42CB-9C87-7B7BF834AB00}.Release|Any CPU.ActiveCfg = Release|Any CPU
		{E2B15567-3745-42CB-9C87-7B7BF834AB00}.Release|Any CPU.Build.0 = Release|Any CPU
	EndGlobalSection
	GlobalSection(SolutionProperties) = preSolution
		HideSolutionNode = FALSE
	EndGlobalSection
	GlobalSection(ExtensibilityGlobals) = postSolution
		SolutionGuid = {61D14DD7-4B37-4BF6-BC80-0D346DE76556}
	EndGlobalSection
EndGlobal
