
Microsoft Visual Studio Solution File, Format Version 12.00
# Visual Studio Version 16
VisualStudioVersion = 16.0.36128.20
MinimumVisualStudioVersion = 10.0.40219.1
Project("{FAE04EC0-301F-11D3-BF4B-00C04F79EFBC}") = "ADO-CC1", "ADO-CC1\ADO-CC1.csproj", "{CCF760EC-40D2-4F26-BE9E-443F88764881}"
EndProject
Global
	GlobalSection(SolutionConfigurationPlatforms) = preSolution
		Debug|Any CPU = Debug|Any CPU
		Release|Any CPU = Release|Any CPU
	EndGlobalSection
	GlobalSection(ProjectConfigurationPlatforms) = postSolution
		{CCF760EC-40D2-4F26-BE9E-443F88764881}.Debug|Any CPU.ActiveCfg = Debug|Any CPU
		{CCF760EC-40D2-4F26-BE9E-443F88764881}.Debug|Any CPU.Build.0 = Debug|Any CPU
		{CCF760EC-40D2-4F26-BE9E-443F88764881}.Release|Any CPU.ActiveCfg = Release|Any CPU
		{CCF760EC-40D2-4F26-BE9E-443F88764881}.Release|Any CPU.Build.0 = Release|Any CPU
	EndGlobalSection
	GlobalSection(SolutionProperties) = preSolution
		HideSolutionNode = FALSE
	EndGlobalSection
	GlobalSection(ExtensibilityGlobals) = postSolution
		SolutionGuid = {4D2E626E-131A-464D-9AD2-DFFBD8009A23}
	EndGlobalSection
EndGlobal
